// !$*UTF8*$!
{
	archiveVersion = 1;
	classes = {
	};
	objectVersion = 56;
	objects = {

/* Begin PBXBuildFile section */
		2FBF4CA829CC964200B65125 /* CoordinatorDelegate.swift in Sources */ = {isa = PBXBuildFile; fileRef = 2FBF4CA729CC964200B65125 /* CoordinatorDelegate.swift */; };
		2FBF4CAA29CC96A100B65125 /* CoordinatorStyleCase.swift in Sources */ = {isa = PBXBuildFile; fileRef = 2FBF4CA929CC96A100B65125 /* CoordinatorStyleCase.swift */; };
		2FBF4CAD29CC979D00B65125 /* OnBoardingViewModel.swift in Sources */ = {isa = PBXBuildFile; fileRef = 2FBF4CAC29CC979D00B65125 /* OnBoardingViewModel.swift */; };
		2FBF4CB129CC98E600B65125 /* MainCoordinator.swift in Sources */ = {isa = PBXBuildFile; fileRef = 2FBF4CB029CC98E600B65125 /* MainCoordinator.swift */; };
		2FC2EB3C29E2B63F00ECE2ED /* LoginSplashView.swift in Sources */ = {isa = PBXBuildFile; fileRef = 2FC2EB3B29E2B63F00ECE2ED /* LoginSplashView.swift */; };
		2FC2EB3E29E2B64900ECE2ED /* LoginSplashViewController.swift in Sources */ = {isa = PBXBuildFile; fileRef = 2FC2EB3D29E2B64900ECE2ED /* LoginSplashViewController.swift */; };
		2FC2EB4029E2B78200ECE2ED /* LoginCustomBaseView.swift in Sources */ = {isa = PBXBuildFile; fileRef = 2FC2EB3F29E2B78200ECE2ED /* LoginCustomBaseView.swift */; };
		2FC2EB4329E3BB0100ECE2ED /* LoginCoordinator.swift in Sources */ = {isa = PBXBuildFile; fileRef = 2FC2EB4229E3BB0100ECE2ED /* LoginCoordinator.swift */; };
		2FC2EB4529E3BB6B00ECE2ED /* LoginSplashViewModel.swift in Sources */ = {isa = PBXBuildFile; fileRef = 2FC2EB4429E3BB6B00ECE2ED /* LoginSplashViewModel.swift */; };
		2FC2EB4829E3BC6800ECE2ED /* LoginStartViewModel.swift in Sources */ = {isa = PBXBuildFile; fileRef = 2FC2EB4729E3BC6800ECE2ED /* LoginStartViewModel.swift */; };
		2FC2EB4A29E3BC8400ECE2ED /* LoginStartViewController.swift in Sources */ = {isa = PBXBuildFile; fileRef = 2FC2EB4929E3BC8400ECE2ED /* LoginStartViewController.swift */; };
		2FC2EB4C29E3BC8B00ECE2ED /* LoginStartView.swift in Sources */ = {isa = PBXBuildFile; fileRef = 2FC2EB4B29E3BC8B00ECE2ED /* LoginStartView.swift */; };
		2FC2EB4E29E3DF8500ECE2ED /* UILabel+Extension.swift in Sources */ = {isa = PBXBuildFile; fileRef = 2FC2EB4D29E3DF8500ECE2ED /* UILabel+Extension.swift */; };
		2FC94E5229C00F0B0097E696 /* AppDelegate.swift in Sources */ = {isa = PBXBuildFile; fileRef = 2FC94E5129C00F0B0097E696 /* AppDelegate.swift */; };
		2FC94E5429C00F0B0097E696 /* SceneDelegate.swift in Sources */ = {isa = PBXBuildFile; fileRef = 2FC94E5329C00F0B0097E696 /* SceneDelegate.swift */; };
		2FC94E5B29C00F0C0097E696 /* Assets.xcassets in Resources */ = {isa = PBXBuildFile; fileRef = 2FC94E5A29C00F0C0097E696 /* Assets.xcassets */; };
		2FC94E5E29C00F0C0097E696 /* LaunchScreen.storyboard in Resources */ = {isa = PBXBuildFile; fileRef = 2FC94E5C29C00F0C0097E696 /* LaunchScreen.storyboard */; };
		2FC94E6929C00F0C0097E696 /* SideProject_MovieAppTests.swift in Sources */ = {isa = PBXBuildFile; fileRef = 2FC94E6829C00F0C0097E696 /* SideProject_MovieAppTests.swift */; };
		2FC94E7329C00F0C0097E696 /* SideProject_MovieAppUITests.swift in Sources */ = {isa = PBXBuildFile; fileRef = 2FC94E7229C00F0C0097E696 /* SideProject_MovieAppUITests.swift */; };
		2FC94E7529C00F0C0097E696 /* SideProject_MovieAppUITestsLaunchTests.swift in Sources */ = {isa = PBXBuildFile; fileRef = 2FC94E7429C00F0C0097E696 /* SideProject_MovieAppUITestsLaunchTests.swift */; };
		2FC94E9A29C013530097E696 /* NetworkMonitor.swift in Sources */ = {isa = PBXBuildFile; fileRef = 2FC94E9929C013530097E696 /* NetworkMonitor.swift */; };
		2FC94E9F29C013880097E696 /* Router.swift in Sources */ = {isa = PBXBuildFile; fileRef = 2FC94E9E29C013880097E696 /* Router.swift */; };
		2FC94EA129C013A10097E696 /* EndPoint.swift in Sources */ = {isa = PBXBuildFile; fileRef = 2FC94EA029C013A10097E696 /* EndPoint.swift */; };
		2FC94EA329C013AC0097E696 /* URLConstant.swift in Sources */ = {isa = PBXBuildFile; fileRef = 2FC94EA229C013AC0097E696 /* URLConstant.swift */; };
		2FC94EA529C013EA0097E696 /* AppCoordinator.swift in Sources */ = {isa = PBXBuildFile; fileRef = 2FC94EA429C013EA0097E696 /* AppCoordinator.swift */; };
		2FC94EA729C013F30097E696 /* Coordinator.swift in Sources */ = {isa = PBXBuildFile; fileRef = 2FC94EA629C013F30097E696 /* Coordinator.swift */; };
		2FC94EA929C0145F0097E696 /* BaseView.swift in Sources */ = {isa = PBXBuildFile; fileRef = 2FC94EA829C0145F0097E696 /* BaseView.swift */; };
		2FC94EAB29C0149B0097E696 /* BaseViewController.swift in Sources */ = {isa = PBXBuildFile; fileRef = 2FC94EAA29C0149B0097E696 /* BaseViewController.swift */; };
		2FC94EAE29C014E80097E696 /* SnapKit in Frameworks */ = {isa = PBXBuildFile; productRef = 2FC94EAD29C014E80097E696 /* SnapKit */; };
		2FC94EB129C015050097E696 /* RxCocoa in Frameworks */ = {isa = PBXBuildFile; productRef = 2FC94EB029C015050097E696 /* RxCocoa */; };
		2FC94EB329C015050097E696 /* RxSwift in Frameworks */ = {isa = PBXBuildFile; productRef = 2FC94EB229C015050097E696 /* RxSwift */; };
		2FC94EB529C033190097E696 /* .gitignore in Resources */ = {isa = PBXBuildFile; fileRef = 2FC94EB429C033190097E696 /* .gitignore */; };
		2FC94EB929C0351D0097E696 /* Color.swift in Sources */ = {isa = PBXBuildFile; fileRef = 2FC94EB829C0351C0097E696 /* Color.swift */; };
		2FC94EC029C036DD0097E696 /* NotoSansKR-Black.otf in Resources */ = {isa = PBXBuildFile; fileRef = 2FC94EBA29C036DD0097E696 /* NotoSansKR-Black.otf */; };
		2FC94EC129C036DD0097E696 /* NotoSansKR-Bold.otf in Resources */ = {isa = PBXBuildFile; fileRef = 2FC94EBB29C036DD0097E696 /* NotoSansKR-Bold.otf */; };
		2FC94EC229C036DD0097E696 /* NotoSansKR-Medium.otf in Resources */ = {isa = PBXBuildFile; fileRef = 2FC94EBC29C036DD0097E696 /* NotoSansKR-Medium.otf */; };
		2FC94EC329C036DD0097E696 /* NotoSansKR-Light.otf in Resources */ = {isa = PBXBuildFile; fileRef = 2FC94EBD29C036DD0097E696 /* NotoSansKR-Light.otf */; };
		2FC94EC429C036DD0097E696 /* NotoSansKR-Regular.otf in Resources */ = {isa = PBXBuildFile; fileRef = 2FC94EBE29C036DD0097E696 /* NotoSansKR-Regular.otf */; };
		2FC94EC529C036DD0097E696 /* NotoSansKR-Thin.otf in Resources */ = {isa = PBXBuildFile; fileRef = 2FC94EBF29C036DD0097E696 /* NotoSansKR-Thin.otf */; };
		2FC94EC729C0376C0097E696 /* OnBoardingViewController.swift in Sources */ = {isa = PBXBuildFile; fileRef = 2FC94EC629C0376C0097E696 /* OnBoardingViewController.swift */; };
		2FC94ECC29C038000097E696 /* OnBoardingView.swift in Sources */ = {isa = PBXBuildFile; fileRef = 2FC94ECB29C038000097E696 /* OnBoardingView.swift */; };
		2FC94ECE29C039620097E696 /* AuthCoordinator.swift in Sources */ = {isa = PBXBuildFile; fileRef = 2FC94ECD29C039620097E696 /* AuthCoordinator.swift */; };
		2FC94ED029C03C3D0097E696 /* Font.swift in Sources */ = {isa = PBXBuildFile; fileRef = 2FC94ECF29C03C3D0097E696 /* Font.swift */; };
		930B306929C999FD00935B41 /* IamTheMainCharacterView.swift in Sources */ = {isa = PBXBuildFile; fileRef = 930B306529C999FD00935B41 /* IamTheMainCharacterView.swift */; };
		930B306A29C999FD00935B41 /* IamTheMainCharacterHeader.swift in Sources */ = {isa = PBXBuildFile; fileRef = 930B306629C999FD00935B41 /* IamTheMainCharacterHeader.swift */; };
		930B306B29C999FD00935B41 /* IamTheMainCharacterCell.swift in Sources */ = {isa = PBXBuildFile; fileRef = 930B306729C999FD00935B41 /* IamTheMainCharacterCell.swift */; };
		930B306C29C999FD00935B41 /* IamTheMainCharacterViewController.swift in Sources */ = {isa = PBXBuildFile; fileRef = 930B306829C999FD00935B41 /* IamTheMainCharacterViewController.swift */; };
		930B306E29C99EF600935B41 /* IamTheMainCharacterModel.swift in Sources */ = {isa = PBXBuildFile; fileRef = 930B306D29C99EF600935B41 /* IamTheMainCharacterModel.swift */; };
		930B307029C99F0400935B41 /* IamTheMainCharacterViewModel.swift in Sources */ = {isa = PBXBuildFile; fileRef = 930B306F29C99F0400935B41 /* IamTheMainCharacterViewModel.swift */; };
		930B307429C9A56A00935B41 /* IamTheMainCharacterCoordinator.swift in Sources */ = {isa = PBXBuildFile; fileRef = 930B307329C9A56A00935B41 /* IamTheMainCharacterCoordinator.swift */; };
		933028C229CB44D500165B1E /* UIFont+Extension.swift in Sources */ = {isa = PBXBuildFile; fileRef = 933028C129CB44D500165B1E /* UIFont+Extension.swift */; };
		933028C429CB469200165B1E /* UIFont+Enum.swift in Sources */ = {isa = PBXBuildFile; fileRef = 933028C329CB469200165B1E /* UIFont+Enum.swift */; };
		933028C629CB46AF00165B1E /* UIColor+Extension.swift in Sources */ = {isa = PBXBuildFile; fileRef = 933028C529CB46AF00165B1E /* UIColor+Extension.swift */; };
		933028D329CC659500165B1E /* VoteCoordinator.swift in Sources */ = {isa = PBXBuildFile; fileRef = 933028D229CC659500165B1E /* VoteCoordinator.swift */; };
		933028D729CC6B0A00165B1E /* IamTheCharacterDetailViewController.swift in Sources */ = {isa = PBXBuildFile; fileRef = 933028D629CC6B0A00165B1E /* IamTheCharacterDetailViewController.swift */; };
		933028D929CC6B1200165B1E /* IamTheCharacterDetailView.swift in Sources */ = {isa = PBXBuildFile; fileRef = 933028D829CC6B1200165B1E /* IamTheCharacterDetailView.swift */; };
		933028DB29CC6B1B00165B1E /* IamTheCharacterDetailViewCell.swift in Sources */ = {isa = PBXBuildFile; fileRef = 933028DA29CC6B1B00165B1E /* IamTheCharacterDetailViewCell.swift */; };
		933028DD29CC6B2D00165B1E /* IamTheCharacterDetailModel.swift in Sources */ = {isa = PBXBuildFile; fileRef = 933028DC29CC6B2D00165B1E /* IamTheCharacterDetailModel.swift */; };
		933028DF29CC736500165B1E /* BaseCollectionViewCell.swift in Sources */ = {isa = PBXBuildFile; fileRef = 933028DE29CC736500165B1E /* BaseCollectionViewCell.swift */; };
		93C48B2F29D16D1000644F6A /* LoginvIew.swift in Sources */ = {isa = PBXBuildFile; fileRef = 93C48B2E29D16D1000644F6A /* LoginvIew.swift */; };
		93C48B3129D16D1800644F6A /* LoginViewController.swift in Sources */ = {isa = PBXBuildFile; fileRef = 93C48B3029D16D1800644F6A /* LoginViewController.swift */; };
		93C48B3429D16DD100644F6A /* SignupTermsView.swift in Sources */ = {isa = PBXBuildFile; fileRef = 93C48B3329D16DD100644F6A /* SignupTermsView.swift */; };
		93C48B3629D16DDF00644F6A /* SignupTermsViewController.swift in Sources */ = {isa = PBXBuildFile; fileRef = 93C48B3529D16DDF00644F6A /* SignupTermsViewController.swift */; };
		93C48B3929D16E0A00644F6A /* SignupIdentificationView.swift in Sources */ = {isa = PBXBuildFile; fileRef = 93C48B3829D16E0A00644F6A /* SignupIdentificationView.swift */; };
		93C48B3B29D16E1000644F6A /* SignupIdentificationViewController.swift in Sources */ = {isa = PBXBuildFile; fileRef = 93C48B3A29D16E1000644F6A /* SignupIdentificationViewController.swift */; };
		93C48B3D29D1720700644F6A /* SignupTermsViewModel.swift in Sources */ = {isa = PBXBuildFile; fileRef = 93C48B3C29D1720700644F6A /* SignupTermsViewModel.swift */; };
		93C48B3F29D175F700644F6A /* OnboardingButton.swift in Sources */ = {isa = PBXBuildFile; fileRef = 93C48B3E29D175F700644F6A /* OnboardingButton.swift */; };
		93C48B4029D17CAA00644F6A /* SUIT-Bold.otf in Resources */ = {isa = PBXBuildFile; fileRef = 2FBF4C9E29CC76E500B65125 /* SUIT-Bold.otf */; };
		93C48B4129D17CAD00644F6A /* SUIT-ExtraBold.otf in Resources */ = {isa = PBXBuildFile; fileRef = 2FBF4C9B29CC76E500B65125 /* SUIT-ExtraBold.otf */; };
		93C48B4229D17CAF00644F6A /* SUIT-ExtraLight.otf in Resources */ = {isa = PBXBuildFile; fileRef = 2FBF4C9D29CC76E500B65125 /* SUIT-ExtraLight.otf */; };
		93C48B4329D17CB200644F6A /* SUIT-Heavy.otf in Resources */ = {isa = PBXBuildFile; fileRef = 2FBF4C9629CC76E500B65125 /* SUIT-Heavy.otf */; };
		93C48B4429D17CB500644F6A /* SUIT-Light.otf in Resources */ = {isa = PBXBuildFile; fileRef = 2FBF4C9929CC76E500B65125 /* SUIT-Light.otf */; };
		93C48B4529D17CB700644F6A /* SUIT-Medium.otf in Resources */ = {isa = PBXBuildFile; fileRef = 2FBF4C9829CC76E500B65125 /* SUIT-Medium.otf */; };
		93C48B4629D17CB900644F6A /* SUIT-Regular.otf in Resources */ = {isa = PBXBuildFile; fileRef = 2FBF4C9A29CC76E500B65125 /* SUIT-Regular.otf */; };
		93C48B4729D17CBC00644F6A /* SUIT-SemiBold.otf in Resources */ = {isa = PBXBuildFile; fileRef = 2FBF4C9729CC76E500B65125 /* SUIT-SemiBold.otf */; };
		93C48B4829D17CBE00644F6A /* SUIT-Thin.otf in Resources */ = {isa = PBXBuildFile; fileRef = 2FBF4C9C29CC76E500B65125 /* SUIT-Thin.otf */; };
		93C48B4A29D17F1000644F6A /* ViewModelType.swift in Sources */ = {isa = PBXBuildFile; fileRef = 93C48B4929D17F1000644F6A /* ViewModelType.swift */; };
		93C48B4C29D1855600644F6A /* SignupIdentificationViewModel.swift in Sources */ = {isa = PBXBuildFile; fileRef = 93C48B4B29D1855600644F6A /* SignupIdentificationViewModel.swift */; };
		93C48B4E29D1863200644F6A /* OnboardingtextFieldView.swift in Sources */ = {isa = PBXBuildFile; fileRef = 93C48B4D29D1863200644F6A /* OnboardingtextFieldView.swift */; };
		93C48B5029D2ADCC00644F6A /* TelecomButton.swift in Sources */ = {isa = PBXBuildFile; fileRef = 93C48B4F29D2ADCC00644F6A /* TelecomButton.swift */; };
		93C48BA129D5AF7200644F6A /* IDRegisterView.swift in Sources */ = {isa = PBXBuildFile; fileRef = 93C48BA029D5AF7200644F6A /* IDRegisterView.swift */; };
		93C48BA329D5AF7E00644F6A /* IDRegisterViewController.swift in Sources */ = {isa = PBXBuildFile; fileRef = 93C48BA229D5AF7E00644F6A /* IDRegisterViewController.swift */; };
		93C48BA829D6ADD800644F6A /* NickNameView.swift in Sources */ = {isa = PBXBuildFile; fileRef = 93C48BA729D6ADD800644F6A /* NickNameView.swift */; };
		93C48BAA29D6ADE000644F6A /* NickNameViewController.swift in Sources */ = {isa = PBXBuildFile; fileRef = 93C48BA929D6ADE000644F6A /* NickNameViewController.swift */; };
		93C48BAC29D6AE6D00644F6A /* IDNickNameViewModel.swift in Sources */ = {isa = PBXBuildFile; fileRef = 93C48BAB29D6AE6D00644F6A /* IDNickNameViewModel.swift */; };
		93C48BAF29D9299400644F6A /* PasswordView.swift in Sources */ = {isa = PBXBuildFile; fileRef = 93C48BAE29D9299400644F6A /* PasswordView.swift */; };
		93C48BB129D9299F00644F6A /* PasswordViewController.swift in Sources */ = {isa = PBXBuildFile; fileRef = 93C48BB029D9299F00644F6A /* PasswordViewController.swift */; };
		93C48BB429D929B100644F6A /* PasswordViewModel.swift in Sources */ = {isa = PBXBuildFile; fileRef = 93C48BB329D929B100644F6A /* PasswordViewModel.swift */; };
		93C48BB629D9377900644F6A /* TelecomSelectView.swift in Sources */ = {isa = PBXBuildFile; fileRef = 93C48BB529D9377900644F6A /* TelecomSelectView.swift */; };
		93DD35C329C303D500BBB213 /* HTTPMethod.swift in Sources */ = {isa = PBXBuildFile; fileRef = 93DD35C229C303D500BBB213 /* HTTPMethod.swift */; };
		93DD35C529C303E700BBB213 /* HTTPHeaderContentType.swift in Sources */ = {isa = PBXBuildFile; fileRef = 93DD35C429C303E700BBB213 /* HTTPHeaderContentType.swift */; };
		93F18FD929C1B93E00ABC0A7 /* NetworkStatus.swift in Sources */ = {isa = PBXBuildFile; fileRef = 93F18FD829C1B93E00ABC0A7 /* NetworkStatus.swift */; };
		93F18FDB29C1B95E00ABC0A7 /* NetworkManager.swift in Sources */ = {isa = PBXBuildFile; fileRef = 93F18FDA29C1B95E00ABC0A7 /* NetworkManager.swift */; };
/* End PBXBuildFile section */

/* Begin PBXContainerItemProxy section */
		2FC94E6529C00F0C0097E696 /* PBXContainerItemProxy */ = {
			isa = PBXContainerItemProxy;
			containerPortal = 2FC94E4629C00F0B0097E696 /* Project object */;
			proxyType = 1;
			remoteGlobalIDString = 2FC94E4D29C00F0B0097E696;
			remoteInfo = "SideProject-MovieApp";
		};
		2FC94E6F29C00F0C0097E696 /* PBXContainerItemProxy */ = {
			isa = PBXContainerItemProxy;
			containerPortal = 2FC94E4629C00F0B0097E696 /* Project object */;
			proxyType = 1;
			remoteGlobalIDString = 2FC94E4D29C00F0B0097E696;
			remoteInfo = "SideProject-MovieApp";
		};
/* End PBXContainerItemProxy section */

/* Begin PBXFileReference section */
		2FBF4C9629CC76E500B65125 /* SUIT-Heavy.otf */ = {isa = PBXFileReference; lastKnownFileType = file; path = "SUIT-Heavy.otf"; sourceTree = "<group>"; };
		2FBF4C9729CC76E500B65125 /* SUIT-SemiBold.otf */ = {isa = PBXFileReference; lastKnownFileType = file; path = "SUIT-SemiBold.otf"; sourceTree = "<group>"; };
		2FBF4C9829CC76E500B65125 /* SUIT-Medium.otf */ = {isa = PBXFileReference; lastKnownFileType = file; path = "SUIT-Medium.otf"; sourceTree = "<group>"; };
		2FBF4C9929CC76E500B65125 /* SUIT-Light.otf */ = {isa = PBXFileReference; lastKnownFileType = file; path = "SUIT-Light.otf"; sourceTree = "<group>"; };
		2FBF4C9A29CC76E500B65125 /* SUIT-Regular.otf */ = {isa = PBXFileReference; lastKnownFileType = file; path = "SUIT-Regular.otf"; sourceTree = "<group>"; };
		2FBF4C9B29CC76E500B65125 /* SUIT-ExtraBold.otf */ = {isa = PBXFileReference; lastKnownFileType = file; path = "SUIT-ExtraBold.otf"; sourceTree = "<group>"; };
		2FBF4C9C29CC76E500B65125 /* SUIT-Thin.otf */ = {isa = PBXFileReference; lastKnownFileType = file; path = "SUIT-Thin.otf"; sourceTree = "<group>"; };
		2FBF4C9D29CC76E500B65125 /* SUIT-ExtraLight.otf */ = {isa = PBXFileReference; lastKnownFileType = file; path = "SUIT-ExtraLight.otf"; sourceTree = "<group>"; };
		2FBF4C9E29CC76E500B65125 /* SUIT-Bold.otf */ = {isa = PBXFileReference; lastKnownFileType = file; path = "SUIT-Bold.otf"; sourceTree = "<group>"; };
		2FBF4CA729CC964200B65125 /* CoordinatorDelegate.swift */ = {isa = PBXFileReference; lastKnownFileType = sourcecode.swift; path = CoordinatorDelegate.swift; sourceTree = "<group>"; };
		2FBF4CA929CC96A100B65125 /* CoordinatorStyleCase.swift */ = {isa = PBXFileReference; lastKnownFileType = sourcecode.swift; path = CoordinatorStyleCase.swift; sourceTree = "<group>"; };
		2FBF4CAC29CC979D00B65125 /* OnBoardingViewModel.swift */ = {isa = PBXFileReference; lastKnownFileType = sourcecode.swift; path = OnBoardingViewModel.swift; sourceTree = "<group>"; };
		2FBF4CB029CC98E600B65125 /* MainCoordinator.swift */ = {isa = PBXFileReference; lastKnownFileType = sourcecode.swift; path = MainCoordinator.swift; sourceTree = "<group>"; };
		2FC2EB3B29E2B63F00ECE2ED /* LoginSplashView.swift */ = {isa = PBXFileReference; lastKnownFileType = sourcecode.swift; path = LoginSplashView.swift; sourceTree = "<group>"; };
		2FC2EB3D29E2B64900ECE2ED /* LoginSplashViewController.swift */ = {isa = PBXFileReference; lastKnownFileType = sourcecode.swift; path = LoginSplashViewController.swift; sourceTree = "<group>"; };
		2FC2EB3F29E2B78200ECE2ED /* LoginCustomBaseView.swift */ = {isa = PBXFileReference; lastKnownFileType = sourcecode.swift; path = LoginCustomBaseView.swift; sourceTree = "<group>"; };
		2FC2EB4229E3BB0100ECE2ED /* LoginCoordinator.swift */ = {isa = PBXFileReference; lastKnownFileType = sourcecode.swift; path = LoginCoordinator.swift; sourceTree = "<group>"; };
		2FC2EB4429E3BB6B00ECE2ED /* LoginSplashViewModel.swift */ = {isa = PBXFileReference; lastKnownFileType = sourcecode.swift; path = LoginSplashViewModel.swift; sourceTree = "<group>"; };
		2FC2EB4729E3BC6800ECE2ED /* LoginStartViewModel.swift */ = {isa = PBXFileReference; lastKnownFileType = sourcecode.swift; path = LoginStartViewModel.swift; sourceTree = "<group>"; };
		2FC2EB4929E3BC8400ECE2ED /* LoginStartViewController.swift */ = {isa = PBXFileReference; lastKnownFileType = sourcecode.swift; path = LoginStartViewController.swift; sourceTree = "<group>"; };
		2FC2EB4B29E3BC8B00ECE2ED /* LoginStartView.swift */ = {isa = PBXFileReference; lastKnownFileType = sourcecode.swift; path = LoginStartView.swift; sourceTree = "<group>"; };
		2FC2EB4D29E3DF8500ECE2ED /* UILabel+Extension.swift */ = {isa = PBXFileReference; lastKnownFileType = sourcecode.swift; path = "UILabel+Extension.swift"; sourceTree = "<group>"; };
		2FC94E4E29C00F0B0097E696 /* SideProject-MovieApp.app */ = {isa = PBXFileReference; explicitFileType = wrapper.application; includeInIndex = 0; path = "SideProject-MovieApp.app"; sourceTree = BUILT_PRODUCTS_DIR; };
		2FC94E5129C00F0B0097E696 /* AppDelegate.swift */ = {isa = PBXFileReference; lastKnownFileType = sourcecode.swift; path = AppDelegate.swift; sourceTree = "<group>"; };
		2FC94E5329C00F0B0097E696 /* SceneDelegate.swift */ = {isa = PBXFileReference; lastKnownFileType = sourcecode.swift; path = SceneDelegate.swift; sourceTree = "<group>"; };
		2FC94E5A29C00F0C0097E696 /* Assets.xcassets */ = {isa = PBXFileReference; lastKnownFileType = folder.assetcatalog; path = Assets.xcassets; sourceTree = "<group>"; };
		2FC94E5D29C00F0C0097E696 /* Base */ = {isa = PBXFileReference; lastKnownFileType = file.storyboard; name = Base; path = Base.lproj/LaunchScreen.storyboard; sourceTree = "<group>"; };
		2FC94E5F29C00F0C0097E696 /* Info.plist */ = {isa = PBXFileReference; lastKnownFileType = text.plist.xml; path = Info.plist; sourceTree = "<group>"; };
		2FC94E6429C00F0C0097E696 /* SideProject-MovieAppTests.xctest */ = {isa = PBXFileReference; explicitFileType = wrapper.cfbundle; includeInIndex = 0; path = "SideProject-MovieAppTests.xctest"; sourceTree = BUILT_PRODUCTS_DIR; };
		2FC94E6829C00F0C0097E696 /* SideProject_MovieAppTests.swift */ = {isa = PBXFileReference; lastKnownFileType = sourcecode.swift; path = SideProject_MovieAppTests.swift; sourceTree = "<group>"; };
		2FC94E6E29C00F0C0097E696 /* SideProject-MovieAppUITests.xctest */ = {isa = PBXFileReference; explicitFileType = wrapper.cfbundle; includeInIndex = 0; path = "SideProject-MovieAppUITests.xctest"; sourceTree = BUILT_PRODUCTS_DIR; };
		2FC94E7229C00F0C0097E696 /* SideProject_MovieAppUITests.swift */ = {isa = PBXFileReference; lastKnownFileType = sourcecode.swift; path = SideProject_MovieAppUITests.swift; sourceTree = "<group>"; };
		2FC94E7429C00F0C0097E696 /* SideProject_MovieAppUITestsLaunchTests.swift */ = {isa = PBXFileReference; lastKnownFileType = sourcecode.swift; path = SideProject_MovieAppUITestsLaunchTests.swift; sourceTree = "<group>"; };
		2FC94E9929C013530097E696 /* NetworkMonitor.swift */ = {isa = PBXFileReference; lastKnownFileType = sourcecode.swift; path = NetworkMonitor.swift; sourceTree = "<group>"; };
		2FC94E9E29C013880097E696 /* Router.swift */ = {isa = PBXFileReference; lastKnownFileType = sourcecode.swift; path = Router.swift; sourceTree = "<group>"; };
		2FC94EA029C013A10097E696 /* EndPoint.swift */ = {isa = PBXFileReference; lastKnownFileType = sourcecode.swift; path = EndPoint.swift; sourceTree = "<group>"; };
		2FC94EA229C013AC0097E696 /* URLConstant.swift */ = {isa = PBXFileReference; lastKnownFileType = sourcecode.swift; path = URLConstant.swift; sourceTree = "<group>"; };
		2FC94EA429C013EA0097E696 /* AppCoordinator.swift */ = {isa = PBXFileReference; lastKnownFileType = sourcecode.swift; path = AppCoordinator.swift; sourceTree = "<group>"; };
		2FC94EA629C013F30097E696 /* Coordinator.swift */ = {isa = PBXFileReference; lastKnownFileType = sourcecode.swift; path = Coordinator.swift; sourceTree = "<group>"; };
		2FC94EA829C0145F0097E696 /* BaseView.swift */ = {isa = PBXFileReference; lastKnownFileType = sourcecode.swift; path = BaseView.swift; sourceTree = "<group>"; };
		2FC94EAA29C0149B0097E696 /* BaseViewController.swift */ = {isa = PBXFileReference; lastKnownFileType = sourcecode.swift; path = BaseViewController.swift; sourceTree = "<group>"; };
		2FC94EB429C033190097E696 /* .gitignore */ = {isa = PBXFileReference; lastKnownFileType = text; path = .gitignore; sourceTree = "<group>"; };
		2FC94EB829C0351C0097E696 /* Color.swift */ = {isa = PBXFileReference; lastKnownFileType = sourcecode.swift; path = Color.swift; sourceTree = "<group>"; };
		2FC94EBA29C036DD0097E696 /* NotoSansKR-Black.otf */ = {isa = PBXFileReference; lastKnownFileType = file; path = "NotoSansKR-Black.otf"; sourceTree = "<group>"; };
		2FC94EBB29C036DD0097E696 /* NotoSansKR-Bold.otf */ = {isa = PBXFileReference; lastKnownFileType = file; path = "NotoSansKR-Bold.otf"; sourceTree = "<group>"; };
		2FC94EBC29C036DD0097E696 /* NotoSansKR-Medium.otf */ = {isa = PBXFileReference; lastKnownFileType = file; path = "NotoSansKR-Medium.otf"; sourceTree = "<group>"; };
		2FC94EBD29C036DD0097E696 /* NotoSansKR-Light.otf */ = {isa = PBXFileReference; lastKnownFileType = file; path = "NotoSansKR-Light.otf"; sourceTree = "<group>"; };
		2FC94EBE29C036DD0097E696 /* NotoSansKR-Regular.otf */ = {isa = PBXFileReference; lastKnownFileType = file; path = "NotoSansKR-Regular.otf"; sourceTree = "<group>"; };
		2FC94EBF29C036DD0097E696 /* NotoSansKR-Thin.otf */ = {isa = PBXFileReference; lastKnownFileType = file; path = "NotoSansKR-Thin.otf"; sourceTree = "<group>"; };
		2FC94EC629C0376C0097E696 /* OnBoardingViewController.swift */ = {isa = PBXFileReference; lastKnownFileType = sourcecode.swift; path = OnBoardingViewController.swift; sourceTree = "<group>"; };
		2FC94ECB29C038000097E696 /* OnBoardingView.swift */ = {isa = PBXFileReference; lastKnownFileType = sourcecode.swift; path = OnBoardingView.swift; sourceTree = "<group>"; };
		2FC94ECD29C039620097E696 /* AuthCoordinator.swift */ = {isa = PBXFileReference; lastKnownFileType = sourcecode.swift; path = AuthCoordinator.swift; sourceTree = "<group>"; };
		2FC94ECF29C03C3D0097E696 /* Font.swift */ = {isa = PBXFileReference; lastKnownFileType = sourcecode.swift; path = Font.swift; sourceTree = "<group>"; };
		930B306529C999FD00935B41 /* IamTheMainCharacterView.swift */ = {isa = PBXFileReference; fileEncoding = 4; lastKnownFileType = sourcecode.swift; path = IamTheMainCharacterView.swift; sourceTree = "<group>"; };
		930B306629C999FD00935B41 /* IamTheMainCharacterHeader.swift */ = {isa = PBXFileReference; fileEncoding = 4; lastKnownFileType = sourcecode.swift; path = IamTheMainCharacterHeader.swift; sourceTree = "<group>"; };
		930B306729C999FD00935B41 /* IamTheMainCharacterCell.swift */ = {isa = PBXFileReference; fileEncoding = 4; lastKnownFileType = sourcecode.swift; path = IamTheMainCharacterCell.swift; sourceTree = "<group>"; };
		930B306829C999FD00935B41 /* IamTheMainCharacterViewController.swift */ = {isa = PBXFileReference; fileEncoding = 4; lastKnownFileType = sourcecode.swift; path = IamTheMainCharacterViewController.swift; sourceTree = "<group>"; };
		930B306D29C99EF600935B41 /* IamTheMainCharacterModel.swift */ = {isa = PBXFileReference; lastKnownFileType = sourcecode.swift; path = IamTheMainCharacterModel.swift; sourceTree = "<group>"; };
		930B306F29C99F0400935B41 /* IamTheMainCharacterViewModel.swift */ = {isa = PBXFileReference; lastKnownFileType = sourcecode.swift; path = IamTheMainCharacterViewModel.swift; sourceTree = "<group>"; };
		930B307329C9A56A00935B41 /* IamTheMainCharacterCoordinator.swift */ = {isa = PBXFileReference; lastKnownFileType = sourcecode.swift; path = IamTheMainCharacterCoordinator.swift; sourceTree = "<group>"; };
		933028C129CB44D500165B1E /* UIFont+Extension.swift */ = {isa = PBXFileReference; lastKnownFileType = sourcecode.swift; path = "UIFont+Extension.swift"; sourceTree = "<group>"; };
		933028C329CB469200165B1E /* UIFont+Enum.swift */ = {isa = PBXFileReference; lastKnownFileType = sourcecode.swift; path = "UIFont+Enum.swift"; sourceTree = "<group>"; };
		933028C529CB46AF00165B1E /* UIColor+Extension.swift */ = {isa = PBXFileReference; lastKnownFileType = sourcecode.swift; path = "UIColor+Extension.swift"; sourceTree = "<group>"; };
		933028D229CC659500165B1E /* VoteCoordinator.swift */ = {isa = PBXFileReference; lastKnownFileType = sourcecode.swift; path = VoteCoordinator.swift; sourceTree = "<group>"; };
		933028D629CC6B0A00165B1E /* IamTheCharacterDetailViewController.swift */ = {isa = PBXFileReference; lastKnownFileType = sourcecode.swift; path = IamTheCharacterDetailViewController.swift; sourceTree = "<group>"; };
		933028D829CC6B1200165B1E /* IamTheCharacterDetailView.swift */ = {isa = PBXFileReference; lastKnownFileType = sourcecode.swift; path = IamTheCharacterDetailView.swift; sourceTree = "<group>"; };
		933028DA29CC6B1B00165B1E /* IamTheCharacterDetailViewCell.swift */ = {isa = PBXFileReference; lastKnownFileType = sourcecode.swift; path = IamTheCharacterDetailViewCell.swift; sourceTree = "<group>"; };
		933028DC29CC6B2D00165B1E /* IamTheCharacterDetailModel.swift */ = {isa = PBXFileReference; lastKnownFileType = sourcecode.swift; path = IamTheCharacterDetailModel.swift; sourceTree = "<group>"; };
		933028DE29CC736500165B1E /* BaseCollectionViewCell.swift */ = {isa = PBXFileReference; lastKnownFileType = sourcecode.swift; path = BaseCollectionViewCell.swift; sourceTree = "<group>"; };
		93C48B2E29D16D1000644F6A /* LoginvIew.swift */ = {isa = PBXFileReference; lastKnownFileType = sourcecode.swift; path = LoginvIew.swift; sourceTree = "<group>"; };
		93C48B3029D16D1800644F6A /* LoginViewController.swift */ = {isa = PBXFileReference; lastKnownFileType = sourcecode.swift; path = LoginViewController.swift; sourceTree = "<group>"; };
		93C48B3329D16DD100644F6A /* SignupTermsView.swift */ = {isa = PBXFileReference; lastKnownFileType = sourcecode.swift; path = SignupTermsView.swift; sourceTree = "<group>"; };
		93C48B3529D16DDF00644F6A /* SignupTermsViewController.swift */ = {isa = PBXFileReference; lastKnownFileType = sourcecode.swift; path = SignupTermsViewController.swift; sourceTree = "<group>"; };
		93C48B3829D16E0A00644F6A /* SignupIdentificationView.swift */ = {isa = PBXFileReference; lastKnownFileType = sourcecode.swift; path = SignupIdentificationView.swift; sourceTree = "<group>"; };
		93C48B3A29D16E1000644F6A /* SignupIdentificationViewController.swift */ = {isa = PBXFileReference; lastKnownFileType = sourcecode.swift; path = SignupIdentificationViewController.swift; sourceTree = "<group>"; };
		93C48B3C29D1720700644F6A /* SignupTermsViewModel.swift */ = {isa = PBXFileReference; lastKnownFileType = sourcecode.swift; path = SignupTermsViewModel.swift; sourceTree = "<group>"; };
		93C48B3E29D175F700644F6A /* OnboardingButton.swift */ = {isa = PBXFileReference; lastKnownFileType = sourcecode.swift; name = OnboardingButton.swift; path = "SideProject-MovieApp/Sources/Presents/Auth/ViewModel/OnboardingButton.swift"; sourceTree = SOURCE_ROOT; };
		93C48B4929D17F1000644F6A /* ViewModelType.swift */ = {isa = PBXFileReference; lastKnownFileType = sourcecode.swift; name = ViewModelType.swift; path = "SideProject-MovieApp/Sources/Presents/Auth/ViewModel/ViewModelType.swift"; sourceTree = SOURCE_ROOT; };
		93C48B4B29D1855600644F6A /* SignupIdentificationViewModel.swift */ = {isa = PBXFileReference; lastKnownFileType = sourcecode.swift; path = SignupIdentificationViewModel.swift; sourceTree = "<group>"; };
		93C48B4D29D1863200644F6A /* OnboardingtextFieldView.swift */ = {isa = PBXFileReference; lastKnownFileType = sourcecode.swift; name = OnboardingtextFieldView.swift; path = "SideProject-MovieApp/Sources/Presents/Auth/ViewModel/OnboardingtextFieldView.swift"; sourceTree = SOURCE_ROOT; };
		93C48B4F29D2ADCC00644F6A /* TelecomButton.swift */ = {isa = PBXFileReference; lastKnownFileType = sourcecode.swift; name = TelecomButton.swift; path = "SideProject-MovieApp/Sources/Presents/Auth/ViewModel/TelecomButton.swift"; sourceTree = SOURCE_ROOT; };
		93C48BA029D5AF7200644F6A /* IDRegisterView.swift */ = {isa = PBXFileReference; lastKnownFileType = sourcecode.swift; path = IDRegisterView.swift; sourceTree = "<group>"; };
		93C48BA229D5AF7E00644F6A /* IDRegisterViewController.swift */ = {isa = PBXFileReference; lastKnownFileType = sourcecode.swift; path = IDRegisterViewController.swift; sourceTree = "<group>"; };
		93C48BA729D6ADD800644F6A /* NickNameView.swift */ = {isa = PBXFileReference; lastKnownFileType = sourcecode.swift; path = NickNameView.swift; sourceTree = "<group>"; };
		93C48BA929D6ADE000644F6A /* NickNameViewController.swift */ = {isa = PBXFileReference; lastKnownFileType = sourcecode.swift; path = NickNameViewController.swift; sourceTree = "<group>"; };
		93C48BAB29D6AE6D00644F6A /* IDNickNameViewModel.swift */ = {isa = PBXFileReference; lastKnownFileType = sourcecode.swift; path = IDNickNameViewModel.swift; sourceTree = "<group>"; };
		93C48BAE29D9299400644F6A /* PasswordView.swift */ = {isa = PBXFileReference; lastKnownFileType = sourcecode.swift; path = PasswordView.swift; sourceTree = "<group>"; };
		93C48BB029D9299F00644F6A /* PasswordViewController.swift */ = {isa = PBXFileReference; lastKnownFileType = sourcecode.swift; path = PasswordViewController.swift; sourceTree = "<group>"; };
		93C48BB329D929B100644F6A /* PasswordViewModel.swift */ = {isa = PBXFileReference; lastKnownFileType = sourcecode.swift; path = PasswordViewModel.swift; sourceTree = "<group>"; };
		93C48BB529D9377900644F6A /* TelecomSelectView.swift */ = {isa = PBXFileReference; lastKnownFileType = sourcecode.swift; name = TelecomSelectView.swift; path = "SideProject-MovieApp/Sources/Presents/Auth/ViewModel/TelecomSelectView.swift"; sourceTree = SOURCE_ROOT; };
		93DD35C229C303D500BBB213 /* HTTPMethod.swift */ = {isa = PBXFileReference; lastKnownFileType = sourcecode.swift; path = HTTPMethod.swift; sourceTree = "<group>"; };
		93DD35C429C303E700BBB213 /* HTTPHeaderContentType.swift */ = {isa = PBXFileReference; lastKnownFileType = sourcecode.swift; path = HTTPHeaderContentType.swift; sourceTree = "<group>"; };
		93F18FD829C1B93E00ABC0A7 /* NetworkStatus.swift */ = {isa = PBXFileReference; lastKnownFileType = sourcecode.swift; path = NetworkStatus.swift; sourceTree = "<group>"; };
		93F18FDA29C1B95E00ABC0A7 /* NetworkManager.swift */ = {isa = PBXFileReference; lastKnownFileType = sourcecode.swift; path = NetworkManager.swift; sourceTree = "<group>"; };
/* End PBXFileReference section */

/* Begin PBXFrameworksBuildPhase section */
		2FC94E4B29C00F0B0097E696 /* Frameworks */ = {
			isa = PBXFrameworksBuildPhase;
			buildActionMask = 2147483647;
			files = (
				2FC94EB329C015050097E696 /* RxSwift in Frameworks */,
				2FC94EB129C015050097E696 /* RxCocoa in Frameworks */,
				2FC94EAE29C014E80097E696 /* SnapKit in Frameworks */,
			);
			runOnlyForDeploymentPostprocessing = 0;
		};
		2FC94E6129C00F0C0097E696 /* Frameworks */ = {
			isa = PBXFrameworksBuildPhase;
			buildActionMask = 2147483647;
			files = (
			);
			runOnlyForDeploymentPostprocessing = 0;
		};
		2FC94E6B29C00F0C0097E696 /* Frameworks */ = {
			isa = PBXFrameworksBuildPhase;
			buildActionMask = 2147483647;
			files = (
			);
			runOnlyForDeploymentPostprocessing = 0;
		};
/* End PBXFrameworksBuildPhase section */

/* Begin PBXGroup section */
		2FBF4CA229CC788C00B65125 /* Data */ = {
			isa = PBXGroup;
			children = (
				2FC94E9129C011A20097E696 /* Model */,
				2FC94E9329C011B60097E696 /* Networks */,
			);
			path = Data;
			sourceTree = "<group>";
		};
		2FBF4CA329CC78E700B65125 /* DTO */ = {
			isa = PBXGroup;
			children = (
			);
			path = DTO;
			sourceTree = "<group>";
		};
		2FBF4CA629CC962400B65125 /* CoordinatorDelegate */ = {
			isa = PBXGroup;
			children = (
				2FBF4CA729CC964200B65125 /* CoordinatorDelegate.swift */,
			);
			path = CoordinatorDelegate;
			sourceTree = "<group>";
		};
		2FBF4CAB29CC979400B65125 /* ViewModel */ = {
			isa = PBXGroup;
			children = (
				2FBF4CAC29CC979D00B65125 /* OnBoardingViewModel.swift */,
				93C48B3C29D1720700644F6A /* SignupTermsViewModel.swift */,
				93C48B4B29D1855600644F6A /* SignupIdentificationViewModel.swift */,
				93C48BAB29D6AE6D00644F6A /* IDNickNameViewModel.swift */,
				93C48BB329D929B100644F6A /* PasswordViewModel.swift */,
			);
			path = ViewModel;
			sourceTree = "<group>";
		};
		2FBF4CAE29CC986300B65125 /* Coordinator */ = {
			isa = PBXGroup;
			children = (
				2FC94ECD29C039620097E696 /* AuthCoordinator.swift */,
			);
			path = Coordinator;
			sourceTree = "<group>";
		};
		2FBF4CAF29CC98E000B65125 /* Coordinator */ = {
			isa = PBXGroup;
			children = (
				2FBF4CB029CC98E600B65125 /* MainCoordinator.swift */,
			);
			path = Coordinator;
			sourceTree = "<group>";
		};
		2FC2EB3829E2B5F200ECE2ED /* Login */ = {
			isa = PBXGroup;
			children = (
				2FC2EB4129E3BADB00ECE2ED /* Coordinator */,
				2FC2EB3929E2B60A00ECE2ED /* ViewModel */,
				2FC2EB3A29E2B61C00ECE2ED /* LoginSplashView */,
				2FC2EB4629E3BC1A00ECE2ED /* LoginStartView */,
			);
			path = Login;
			sourceTree = "<group>";
		};
		2FC2EB3929E2B60A00ECE2ED /* ViewModel */ = {
			isa = PBXGroup;
			children = (
				2FC2EB4429E3BB6B00ECE2ED /* LoginSplashViewModel.swift */,
				2FC2EB4729E3BC6800ECE2ED /* LoginStartViewModel.swift */,
			);
			path = ViewModel;
			sourceTree = "<group>";
		};
		2FC2EB3A29E2B61C00ECE2ED /* LoginSplashView */ = {
			isa = PBXGroup;
			children = (
				2FC2EB3B29E2B63F00ECE2ED /* LoginSplashView.swift */,
				2FC2EB3D29E2B64900ECE2ED /* LoginSplashViewController.swift */,
			);
			path = LoginSplashView;
			sourceTree = "<group>";
		};
		2FC2EB4129E3BADB00ECE2ED /* Coordinator */ = {
			isa = PBXGroup;
			children = (
				2FC2EB4229E3BB0100ECE2ED /* LoginCoordinator.swift */,
			);
			path = Coordinator;
			sourceTree = "<group>";
		};
		2FC2EB4629E3BC1A00ECE2ED /* LoginStartView */ = {
			isa = PBXGroup;
			children = (
				2FC2EB4929E3BC8400ECE2ED /* LoginStartViewController.swift */,
				2FC2EB4B29E3BC8B00ECE2ED /* LoginStartView.swift */,
			);
			path = LoginStartView;
			sourceTree = "<group>";
		};
		2FC94E4529C00F0B0097E696 = {
			isa = PBXGroup;
			children = (
				2FC94EB429C033190097E696 /* .gitignore */,
				2FC94E5029C00F0B0097E696 /* SideProject-MovieApp */,
				2FC94E6729C00F0C0097E696 /* SideProject-MovieAppTests */,
				2FC94E7129C00F0C0097E696 /* SideProject-MovieAppUITests */,
				2FC94E4F29C00F0B0097E696 /* Products */,
			);
			sourceTree = "<group>";
		};
		2FC94E4F29C00F0B0097E696 /* Products */ = {
			isa = PBXGroup;
			children = (
				2FC94E4E29C00F0B0097E696 /* SideProject-MovieApp.app */,
				2FC94E6429C00F0C0097E696 /* SideProject-MovieAppTests.xctest */,
				2FC94E6E29C00F0C0097E696 /* SideProject-MovieAppUITests.xctest */,
			);
			name = Products;
			sourceTree = "<group>";
		};
		2FC94E5029C00F0B0097E696 /* SideProject-MovieApp */ = {
			isa = PBXGroup;
			children = (
				2FC94E8129C00F3F0097E696 /* Sources */,
				2FC94E8229C00F430097E696 /* Resources */,
				2FC94E8429C010BF0097E696 /* Supportings */,
			);
			path = "SideProject-MovieApp";
			sourceTree = "<group>";
		};
		2FC94E6729C00F0C0097E696 /* SideProject-MovieAppTests */ = {
			isa = PBXGroup;
			children = (
				2FC94E6829C00F0C0097E696 /* SideProject_MovieAppTests.swift */,
			);
			path = "SideProject-MovieAppTests";
			sourceTree = "<group>";
		};
		2FC94E7129C00F0C0097E696 /* SideProject-MovieAppUITests */ = {
			isa = PBXGroup;
			children = (
				2FC94E7229C00F0C0097E696 /* SideProject_MovieAppUITests.swift */,
				2FC94E7429C00F0C0097E696 /* SideProject_MovieAppUITestsLaunchTests.swift */,
			);
			path = "SideProject-MovieAppUITests";
			sourceTree = "<group>";
		};
		2FC94E8129C00F3F0097E696 /* Sources */ = {
			isa = PBXGroup;
			children = (
				2FC94E9229C011AE0097E696 /* Application */,
				2FC94E8929C011260097E696 /* Presents */,
				2FBF4CA229CC788C00B65125 /* Data */,
				2FC94E8B29C011500097E696 /* Utills */,
			);
			path = Sources;
			sourceTree = "<group>";
		};
		2FC94E8229C00F430097E696 /* Resources */ = {
			isa = PBXGroup;
			children = (
				2FC94E8729C011010097E696 /* StoryBoards */,
				2FC94E8629C010EF0097E696 /* Font */,
				2FC94E8529C010E50097E696 /* Assets */,
			);
			path = Resources;
			sourceTree = "<group>";
		};
		2FC94E8429C010BF0097E696 /* Supportings */ = {
			isa = PBXGroup;
			children = (
				2FC94E5F29C00F0C0097E696 /* Info.plist */,
			);
			path = Supportings;
			sourceTree = "<group>";
		};
		2FC94E8529C010E50097E696 /* Assets */ = {
			isa = PBXGroup;
			children = (
				2FC94E5A29C00F0C0097E696 /* Assets.xcassets */,
			);
			path = Assets;
			sourceTree = "<group>";
		};
		2FC94E8629C010EF0097E696 /* Font */ = {
			isa = PBXGroup;
			children = (
				933028AE29CB414300165B1E /* SUIT */,
				933028AD29CB413600165B1E /* NotoSans */,
			);
			path = Font;
			sourceTree = "<group>";
		};
		2FC94E8729C011010097E696 /* StoryBoards */ = {
			isa = PBXGroup;
			children = (
				2FC94E5C29C00F0C0097E696 /* LaunchScreen.storyboard */,
			);
			path = StoryBoards;
			sourceTree = "<group>";
		};
		2FC94E8829C011100097E696 /* Coordinator */ = {
			isa = PBXGroup;
			children = (
				2FBF4CA629CC962400B65125 /* CoordinatorDelegate */,
				2FC94EA629C013F30097E696 /* Coordinator.swift */,
				2FC94EA429C013EA0097E696 /* AppCoordinator.swift */,
				930B307329C9A56A00935B41 /* IamTheMainCharacterCoordinator.swift */,
				933028D229CC659500165B1E /* VoteCoordinator.swift */,
			);
			path = Coordinator;
			sourceTree = "<group>";
		};
		2FC94E8929C011260097E696 /* Presents */ = {
			isa = PBXGroup;
			children = (
				2FC2EB3829E2B5F200ECE2ED /* Login */,
				930B306329C999FD00935B41 /* 내가 주인공인 영화 */,
				2FC94ECA29C037E60097E696 /* Auth */,
			);
			path = Presents;
			sourceTree = "<group>";
		};
		2FC94E8A29C011470097E696 /* Bases */ = {
			isa = PBXGroup;
			children = (
				2FC94EA829C0145F0097E696 /* BaseView.swift */,
				2FC94EAA29C0149B0097E696 /* BaseViewController.swift */,
				933028DE29CC736500165B1E /* BaseCollectionViewCell.swift */,
			);
			path = Bases;
			sourceTree = "<group>";
		};
		2FC94E8B29C011500097E696 /* Utills */ = {
			isa = PBXGroup;
			children = (
				2FC94E8A29C011470097E696 /* Bases */,
				2FC94E9029C0118B0097E696 /* Custom */,
				2FC94E8F29C011760097E696 /* Constants */,
				2FC94E8E29C011610097E696 /* Extension */,
				2FC94E8D29C0115F0097E696 /* Enum */,
				2FC94E8C29C0115B0097E696 /* Protocol */,
			);
			path = Utills;
			sourceTree = "<group>";
		};
		2FC94E8C29C0115B0097E696 /* Protocol */ = {
			isa = PBXGroup;
			children = (
				93C48B4929D17F1000644F6A /* ViewModelType.swift */,
			);
			path = Protocol;
			sourceTree = "<group>";
		};
		2FC94E8D29C0115F0097E696 /* Enum */ = {
			isa = PBXGroup;
			children = (
			);
			path = Enum;
			sourceTree = "<group>";
		};
		2FC94E8E29C011610097E696 /* Extension */ = {
			isa = PBXGroup;
			children = (
				933028C129CB44D500165B1E /* UIFont+Extension.swift */,
				933028C329CB469200165B1E /* UIFont+Enum.swift */,
				933028C529CB46AF00165B1E /* UIColor+Extension.swift */,
				2FC2EB4D29E3DF8500ECE2ED /* UILabel+Extension.swift */,
			);
			path = Extension;
			sourceTree = "<group>";
		};
		2FC94E8F29C011760097E696 /* Constants */ = {
			isa = PBXGroup;
			children = (
				2FC94EB829C0351C0097E696 /* Color.swift */,
				2FC94ECF29C03C3D0097E696 /* Font.swift */,
				2FBF4CA929CC96A100B65125 /* CoordinatorStyleCase.swift */,
			);
			path = Constants;
			sourceTree = "<group>";
		};
		2FC94E9029C0118B0097E696 /* Custom */ = {
			isa = PBXGroup;
			children = (
				93C48B3E29D175F700644F6A /* OnboardingButton.swift */,
				93C48B4D29D1863200644F6A /* OnboardingtextFieldView.swift */,
				93C48B4F29D2ADCC00644F6A /* TelecomButton.swift */,
				93C48BB529D9377900644F6A /* TelecomSelectView.swift */,
				2FC2EB3F29E2B78200ECE2ED /* LoginCustomBaseView.swift */,
			);
			path = Custom;
			sourceTree = "<group>";
		};
		2FC94E9129C011A20097E696 /* Model */ = {
			isa = PBXGroup;
			children = (
			);
			path = Model;
			sourceTree = "<group>";
		};
		2FC94E9229C011AE0097E696 /* Application */ = {
			isa = PBXGroup;
			children = (
				2FC94E8829C011100097E696 /* Coordinator */,
				2FC94E5129C00F0B0097E696 /* AppDelegate.swift */,
				2FC94E5329C00F0B0097E696 /* SceneDelegate.swift */,
			);
			path = Application;
			sourceTree = "<group>";
		};
		2FC94E9329C011B60097E696 /* Networks */ = {
			isa = PBXGroup;
			children = (
				2FC94E9629C011E00097E696 /* Monitor */,
				2FC94E9529C011D70097E696 /* Service */,
				2FC94E9429C011C90097E696 /* API */,
			);
			path = Networks;
			sourceTree = "<group>";
		};
		2FC94E9429C011C90097E696 /* API */ = {
			isa = PBXGroup;
			children = (
			);
			path = API;
			sourceTree = "<group>";
		};
		2FC94E9529C011D70097E696 /* Service */ = {
			isa = PBXGroup;
			children = (
				2FBF4CA329CC78E700B65125 /* DTO */,
				2FC94E9E29C013880097E696 /* Router.swift */,
				2FC94EA029C013A10097E696 /* EndPoint.swift */,
				2FC94EA229C013AC0097E696 /* URLConstant.swift */,
				93DD35C229C303D500BBB213 /* HTTPMethod.swift */,
				93DD35C429C303E700BBB213 /* HTTPHeaderContentType.swift */,
				93F18FD829C1B93E00ABC0A7 /* NetworkStatus.swift */,
				93F18FDA29C1B95E00ABC0A7 /* NetworkManager.swift */,
			);
			path = Service;
			sourceTree = "<group>";
		};
		2FC94E9629C011E00097E696 /* Monitor */ = {
			isa = PBXGroup;
			children = (
				2FC94E9929C013530097E696 /* NetworkMonitor.swift */,
			);
			path = Monitor;
			sourceTree = "<group>";
		};
		2FC94EC929C037E10097E696 /* OnboardingView */ = {
			isa = PBXGroup;
			children = (
				2FC94EC629C0376C0097E696 /* OnBoardingViewController.swift */,
				2FC94ECB29C038000097E696 /* OnBoardingView.swift */,
			);
			path = OnboardingView;
			sourceTree = "<group>";
		};
		2FC94ECA29C037E60097E696 /* Auth */ = {
			isa = PBXGroup;
			children = (
				2FBF4CAE29CC986300B65125 /* Coordinator */,
				2FBF4CAB29CC979400B65125 /* ViewModel */,
				2FC94EC929C037E10097E696 /* OnboardingView */,
				93C48B2D29D16CFE00644F6A /* LoginView */,
				93C48B3229D16D7B00644F6A /* SignupTermsView */,
				93C48B3729D16DE600644F6A /* SignupIdentificationView */,
				93C48B9F29D5AF4900644F6A /* IDRegisterView */,
				93C48BA629D6ADBE00644F6A /* NickNameView */,
				93C48BAD29D9298200644F6A /* PasswordView */,
			);
			path = Auth;
			sourceTree = "<group>";
		};
		930B306329C999FD00935B41 /* 내가 주인공인 영화 */ = {
			isa = PBXGroup;
			children = (
				2FBF4CAF29CC98E000B65125 /* Coordinator */,
				930B307229C99F1F00935B41 /* ViewModel */,
				930B307129C99F1300935B41 /* Model */,
				930B306429C999FD00935B41 /* MainView */,
				933028D529CC6A1100165B1E /* DetailView */,
			);
			path = "내가 주인공인 영화";
			sourceTree = "<group>";
		};
		930B306429C999FD00935B41 /* MainView */ = {
			isa = PBXGroup;
			children = (
				930B306529C999FD00935B41 /* IamTheMainCharacterView.swift */,
				930B306629C999FD00935B41 /* IamTheMainCharacterHeader.swift */,
				930B306729C999FD00935B41 /* IamTheMainCharacterCell.swift */,
				930B306829C999FD00935B41 /* IamTheMainCharacterViewController.swift */,
			);
			path = MainView;
			sourceTree = "<group>";
		};
		930B307129C99F1300935B41 /* Model */ = {
			isa = PBXGroup;
			children = (
				930B306D29C99EF600935B41 /* IamTheMainCharacterModel.swift */,
				933028DC29CC6B2D00165B1E /* IamTheCharacterDetailModel.swift */,
			);
			path = Model;
			sourceTree = "<group>";
		};
		930B307229C99F1F00935B41 /* ViewModel */ = {
			isa = PBXGroup;
			children = (
				930B306F29C99F0400935B41 /* IamTheMainCharacterViewModel.swift */,
			);
			path = ViewModel;
			sourceTree = "<group>";
		};
		933028AD29CB413600165B1E /* NotoSans */ = {
			isa = PBXGroup;
			children = (
				2FC94EBA29C036DD0097E696 /* NotoSansKR-Black.otf */,
				2FC94EBB29C036DD0097E696 /* NotoSansKR-Bold.otf */,
				2FC94EBD29C036DD0097E696 /* NotoSansKR-Light.otf */,
				2FC94EBC29C036DD0097E696 /* NotoSansKR-Medium.otf */,
				2FC94EBE29C036DD0097E696 /* NotoSansKR-Regular.otf */,
				2FC94EBF29C036DD0097E696 /* NotoSansKR-Thin.otf */,
			);
			path = NotoSans;
			sourceTree = "<group>";
		};
		933028AE29CB414300165B1E /* SUIT */ = {
			isa = PBXGroup;
			children = (
				2FBF4C9E29CC76E500B65125 /* SUIT-Bold.otf */,
				2FBF4C9B29CC76E500B65125 /* SUIT-ExtraBold.otf */,
				2FBF4C9D29CC76E500B65125 /* SUIT-ExtraLight.otf */,
				2FBF4C9629CC76E500B65125 /* SUIT-Heavy.otf */,
				2FBF4C9929CC76E500B65125 /* SUIT-Light.otf */,
				2FBF4C9829CC76E500B65125 /* SUIT-Medium.otf */,
				2FBF4C9A29CC76E500B65125 /* SUIT-Regular.otf */,
				2FBF4C9729CC76E500B65125 /* SUIT-SemiBold.otf */,
				2FBF4C9C29CC76E500B65125 /* SUIT-Thin.otf */,
			);
			path = SUIT;
			sourceTree = "<group>";
		};
		933028D529CC6A1100165B1E /* DetailView */ = {
			isa = PBXGroup;
			children = (
				933028D629CC6B0A00165B1E /* IamTheCharacterDetailViewController.swift */,
				933028D829CC6B1200165B1E /* IamTheCharacterDetailView.swift */,
				933028DA29CC6B1B00165B1E /* IamTheCharacterDetailViewCell.swift */,
			);
			path = DetailView;
			sourceTree = "<group>";
		};
		93C48B2D29D16CFE00644F6A /* LoginView */ = {
			isa = PBXGroup;
			children = (
				93C48B2E29D16D1000644F6A /* LoginvIew.swift */,
				93C48B3029D16D1800644F6A /* LoginViewController.swift */,
			);
			path = LoginView;
			sourceTree = "<group>";
		};
		93C48B3229D16D7B00644F6A /* SignupTermsView */ = {
			isa = PBXGroup;
			children = (
				93C48B3329D16DD100644F6A /* SignupTermsView.swift */,
				93C48B3529D16DDF00644F6A /* SignupTermsViewController.swift */,
			);
			path = SignupTermsView;
			sourceTree = "<group>";
		};
		93C48B3729D16DE600644F6A /* SignupIdentificationView */ = {
			isa = PBXGroup;
			children = (
				93C48B3829D16E0A00644F6A /* SignupIdentificationView.swift */,
				93C48B3A29D16E1000644F6A /* SignupIdentificationViewController.swift */,
			);
			path = SignupIdentificationView;
			sourceTree = "<group>";
		};
		93C48B9F29D5AF4900644F6A /* IDRegisterView */ = {
			isa = PBXGroup;
			children = (
				93C48BA029D5AF7200644F6A /* IDRegisterView.swift */,
				93C48BA229D5AF7E00644F6A /* IDRegisterViewController.swift */,
			);
			path = IDRegisterView;
			sourceTree = "<group>";
		};
		93C48BA629D6ADBE00644F6A /* NickNameView */ = {
			isa = PBXGroup;
			children = (
				93C48BA729D6ADD800644F6A /* NickNameView.swift */,
				93C48BA929D6ADE000644F6A /* NickNameViewController.swift */,
			);
			path = NickNameView;
			sourceTree = "<group>";
		};
		93C48BAD29D9298200644F6A /* PasswordView */ = {
			isa = PBXGroup;
			children = (
				93C48BAE29D9299400644F6A /* PasswordView.swift */,
				93C48BB029D9299F00644F6A /* PasswordViewController.swift */,
			);
			path = PasswordView;
			sourceTree = "<group>";
		};
/* End PBXGroup section */

/* Begin PBXNativeTarget section */
		2FC94E4D29C00F0B0097E696 /* SideProject-MovieApp */ = {
			isa = PBXNativeTarget;
			buildConfigurationList = 2FC94E7829C00F0C0097E696 /* Build configuration list for PBXNativeTarget "SideProject-MovieApp" */;
			buildPhases = (
				2FC94E4A29C00F0B0097E696 /* Sources */,
				2FC94E4B29C00F0B0097E696 /* Frameworks */,
				2FC94E4C29C00F0B0097E696 /* Resources */,
			);
			buildRules = (
			);
			dependencies = (
			);
			name = "SideProject-MovieApp";
			packageProductDependencies = (
				2FC94EAD29C014E80097E696 /* SnapKit */,
				2FC94EB029C015050097E696 /* RxCocoa */,
				2FC94EB229C015050097E696 /* RxSwift */,
			);
			productName = "SideProject-MovieApp";
			productReference = 2FC94E4E29C00F0B0097E696 /* SideProject-MovieApp.app */;
			productType = "com.apple.product-type.application";
		};
		2FC94E6329C00F0C0097E696 /* SideProject-MovieAppTests */ = {
			isa = PBXNativeTarget;
			buildConfigurationList = 2FC94E7B29C00F0C0097E696 /* Build configuration list for PBXNativeTarget "SideProject-MovieAppTests" */;
			buildPhases = (
				2FC94E6029C00F0C0097E696 /* Sources */,
				2FC94E6129C00F0C0097E696 /* Frameworks */,
				2FC94E6229C00F0C0097E696 /* Resources */,
			);
			buildRules = (
			);
			dependencies = (
				2FC94E6629C00F0C0097E696 /* PBXTargetDependency */,
			);
			name = "SideProject-MovieAppTests";
			productName = "SideProject-MovieAppTests";
			productReference = 2FC94E6429C00F0C0097E696 /* SideProject-MovieAppTests.xctest */;
			productType = "com.apple.product-type.bundle.unit-test";
		};
		2FC94E6D29C00F0C0097E696 /* SideProject-MovieAppUITests */ = {
			isa = PBXNativeTarget;
			buildConfigurationList = 2FC94E7E29C00F0C0097E696 /* Build configuration list for PBXNativeTarget "SideProject-MovieAppUITests" */;
			buildPhases = (
				2FC94E6A29C00F0C0097E696 /* Sources */,
				2FC94E6B29C00F0C0097E696 /* Frameworks */,
				2FC94E6C29C00F0C0097E696 /* Resources */,
			);
			buildRules = (
			);
			dependencies = (
				2FC94E7029C00F0C0097E696 /* PBXTargetDependency */,
			);
			name = "SideProject-MovieAppUITests";
			productName = "SideProject-MovieAppUITests";
			productReference = 2FC94E6E29C00F0C0097E696 /* SideProject-MovieAppUITests.xctest */;
			productType = "com.apple.product-type.bundle.ui-testing";
		};
/* End PBXNativeTarget section */

/* Begin PBXProject section */
		2FC94E4629C00F0B0097E696 /* Project object */ = {
			isa = PBXProject;
			attributes = {
				BuildIndependentTargetsInParallel = 1;
				LastSwiftUpdateCheck = 1420;
				LastUpgradeCheck = 1420;
				TargetAttributes = {
					2FC94E4D29C00F0B0097E696 = {
						CreatedOnToolsVersion = 14.2;
					};
					2FC94E6329C00F0C0097E696 = {
						CreatedOnToolsVersion = 14.2;
						TestTargetID = 2FC94E4D29C00F0B0097E696;
					};
					2FC94E6D29C00F0C0097E696 = {
						CreatedOnToolsVersion = 14.2;
						TestTargetID = 2FC94E4D29C00F0B0097E696;
					};
				};
			};
			buildConfigurationList = 2FC94E4929C00F0B0097E696 /* Build configuration list for PBXProject "SideProject-MovieApp" */;
			compatibilityVersion = "Xcode 14.0";
			developmentRegion = en;
			hasScannedForEncodings = 0;
			knownRegions = (
				en,
				Base,
			);
			mainGroup = 2FC94E4529C00F0B0097E696;
			packageReferences = (
				2FC94EAC29C014E80097E696 /* XCRemoteSwiftPackageReference "SnapKit" */,
				2FC94EAF29C015050097E696 /* XCRemoteSwiftPackageReference "RxSwift" */,
			);
			productRefGroup = 2FC94E4F29C00F0B0097E696 /* Products */;
			projectDirPath = "";
			projectRoot = "";
			targets = (
				2FC94E4D29C00F0B0097E696 /* SideProject-MovieApp */,
				2FC94E6329C00F0C0097E696 /* SideProject-MovieAppTests */,
				2FC94E6D29C00F0C0097E696 /* SideProject-MovieAppUITests */,
			);
		};
/* End PBXProject section */

/* Begin PBXResourcesBuildPhase section */
		2FC94E4C29C00F0B0097E696 /* Resources */ = {
			isa = PBXResourcesBuildPhase;
			buildActionMask = 2147483647;
			files = (
				93C48B4329D17CB200644F6A /* SUIT-Heavy.otf in Resources */,
				2FC94EC529C036DD0097E696 /* NotoSansKR-Thin.otf in Resources */,
				93C48B4129D17CAD00644F6A /* SUIT-ExtraBold.otf in Resources */,
				2FC94EC229C036DD0097E696 /* NotoSansKR-Medium.otf in Resources */,
				2FC94EB529C033190097E696 /* .gitignore in Resources */,
				93C48B4229D17CAF00644F6A /* SUIT-ExtraLight.otf in Resources */,
				2FC94EC329C036DD0097E696 /* NotoSansKR-Light.otf in Resources */,
				2FC94E5E29C00F0C0097E696 /* LaunchScreen.storyboard in Resources */,
				2FC94E5B29C00F0C0097E696 /* Assets.xcassets in Resources */,
				2FC94EC029C036DD0097E696 /* NotoSansKR-Black.otf in Resources */,
				93C48B4029D17CAA00644F6A /* SUIT-Bold.otf in Resources */,
				93C48B4629D17CB900644F6A /* SUIT-Regular.otf in Resources */,
				2FC94EC429C036DD0097E696 /* NotoSansKR-Regular.otf in Resources */,
				93C48B4529D17CB700644F6A /* SUIT-Medium.otf in Resources */,
				2FC94EC129C036DD0097E696 /* NotoSansKR-Bold.otf in Resources */,
				93C48B4429D17CB500644F6A /* SUIT-Light.otf in Resources */,
				93C48B4729D17CBC00644F6A /* SUIT-SemiBold.otf in Resources */,
				93C48B4829D17CBE00644F6A /* SUIT-Thin.otf in Resources */,
			);
			runOnlyForDeploymentPostprocessing = 0;
		};
		2FC94E6229C00F0C0097E696 /* Resources */ = {
			isa = PBXResourcesBuildPhase;
			buildActionMask = 2147483647;
			files = (
			);
			runOnlyForDeploymentPostprocessing = 0;
		};
		2FC94E6C29C00F0C0097E696 /* Resources */ = {
			isa = PBXResourcesBuildPhase;
			buildActionMask = 2147483647;
			files = (
			);
			runOnlyForDeploymentPostprocessing = 0;
		};
/* End PBXResourcesBuildPhase section */

/* Begin PBXSourcesBuildPhase section */
		2FC94E4A29C00F0B0097E696 /* Sources */ = {
			isa = PBXSourcesBuildPhase;
			buildActionMask = 2147483647;
			files = (
				93DD35C329C303D500BBB213 /* HTTPMethod.swift in Sources */,
				93F18FDB29C1B95E00ABC0A7 /* NetworkManager.swift in Sources */,
				93C48B3129D16D1800644F6A /* LoginViewController.swift in Sources */,
				2FC2EB3E29E2B64900ECE2ED /* LoginSplashViewController.swift in Sources */,
				930B306B29C999FD00935B41 /* IamTheMainCharacterCell.swift in Sources */,
				2FC94EA129C013A10097E696 /* EndPoint.swift in Sources */,
				93C48B5029D2ADCC00644F6A /* TelecomButton.swift in Sources */,
				93C48BB629D9377900644F6A /* TelecomSelectView.swift in Sources */,
				2FC94EC729C0376C0097E696 /* OnBoardingViewController.swift in Sources */,
				933028C229CB44D500165B1E /* UIFont+Extension.swift in Sources */,
				2FC2EB4529E3BB6B00ECE2ED /* LoginSplashViewModel.swift in Sources */,
				933028D329CC659500165B1E /* VoteCoordinator.swift in Sources */,
				2FC94E5229C00F0B0097E696 /* AppDelegate.swift in Sources */,
				93C48BAC29D6AE6D00644F6A /* IDNickNameViewModel.swift in Sources */,
				930B306929C999FD00935B41 /* IamTheMainCharacterView.swift in Sources */,
				2FBF4CAA29CC96A100B65125 /* CoordinatorStyleCase.swift in Sources */,
				93C48BAF29D9299400644F6A /* PasswordView.swift in Sources */,
				2FBF4CB129CC98E600B65125 /* MainCoordinator.swift in Sources */,
				2FC94EAB29C0149B0097E696 /* BaseViewController.swift in Sources */,
				93F18FD929C1B93E00ABC0A7 /* NetworkStatus.swift in Sources */,
				2FBF4CA829CC964200B65125 /* CoordinatorDelegate.swift in Sources */,
				2FC2EB4C29E3BC8B00ECE2ED /* LoginStartView.swift in Sources */,
				2FC2EB4A29E3BC8400ECE2ED /* LoginStartViewController.swift in Sources */,
				930B307429C9A56A00935B41 /* IamTheMainCharacterCoordinator.swift in Sources */,
				933028D729CC6B0A00165B1E /* IamTheCharacterDetailViewController.swift in Sources */,
				933028D929CC6B1200165B1E /* IamTheCharacterDetailView.swift in Sources */,
				2FC2EB4E29E3DF8500ECE2ED /* UILabel+Extension.swift in Sources */,
				93C48B3F29D175F700644F6A /* OnboardingButton.swift in Sources */,
				2FC94E9A29C013530097E696 /* NetworkMonitor.swift in Sources */,
				2FC94ECC29C038000097E696 /* OnBoardingView.swift in Sources */,
				930B306E29C99EF600935B41 /* IamTheMainCharacterModel.swift in Sources */,
				930B306C29C999FD00935B41 /* IamTheMainCharacterViewController.swift in Sources */,
				933028DF29CC736500165B1E /* BaseCollectionViewCell.swift in Sources */,
				2FC94EA329C013AC0097E696 /* URLConstant.swift in Sources */,
				2FC94EB929C0351D0097E696 /* Color.swift in Sources */,
				933028C429CB469200165B1E /* UIFont+Enum.swift in Sources */,
				2FC2EB4829E3BC6800ECE2ED /* LoginStartViewModel.swift in Sources */,
				2FC94EA529C013EA0097E696 /* AppCoordinator.swift in Sources */,
				93C48BB429D929B100644F6A /* PasswordViewModel.swift in Sources */,
				93C48BB129D9299F00644F6A /* PasswordViewController.swift in Sources */,
				2FC2EB4029E2B78200ECE2ED /* LoginCustomBaseView.swift in Sources */,
				933028C629CB46AF00165B1E /* UIColor+Extension.swift in Sources */,
				93C48B3B29D16E1000644F6A /* SignupIdentificationViewController.swift in Sources */,
				93C48B3429D16DD100644F6A /* SignupTermsView.swift in Sources */,
				933028DB29CC6B1B00165B1E /* IamTheCharacterDetailViewCell.swift in Sources */,
				93DD35C529C303E700BBB213 /* HTTPHeaderContentType.swift in Sources */,
				93C48B3D29D1720700644F6A /* SignupTermsViewModel.swift in Sources */,
				930B307029C99F0400935B41 /* IamTheMainCharacterViewModel.swift in Sources */,
				93C48BA829D6ADD800644F6A /* NickNameView.swift in Sources */,
				93C48BA129D5AF7200644F6A /* IDRegisterView.swift in Sources */,
				93C48B3929D16E0A00644F6A /* SignupIdentificationView.swift in Sources */,
				2FC2EB4329E3BB0100ECE2ED /* LoginCoordinator.swift in Sources */,
				2FC2EB3C29E2B63F00ECE2ED /* LoginSplashView.swift in Sources */,
				93C48B2F29D16D1000644F6A /* LoginvIew.swift in Sources */,
				2FC94E9F29C013880097E696 /* Router.swift in Sources */,
				93C48B4C29D1855600644F6A /* SignupIdentificationViewModel.swift in Sources */,
				930B306A29C999FD00935B41 /* IamTheMainCharacterHeader.swift in Sources */,
				93C48B4E29D1863200644F6A /* OnboardingtextFieldView.swift in Sources */,
				2FBF4CAD29CC979D00B65125 /* OnBoardingViewModel.swift in Sources */,
				2FC94EA929C0145F0097E696 /* BaseView.swift in Sources */,
				933028DD29CC6B2D00165B1E /* IamTheCharacterDetailModel.swift in Sources */,
				93C48BA329D5AF7E00644F6A /* IDRegisterViewController.swift in Sources */,
				2FC94ED029C03C3D0097E696 /* Font.swift in Sources */,
				93C48B3629D16DDF00644F6A /* SignupTermsViewController.swift in Sources */,
				93C48B4A29D17F1000644F6A /* ViewModelType.swift in Sources */,
				93C48BAA29D6ADE000644F6A /* NickNameViewController.swift in Sources */,
				2FC94E5429C00F0B0097E696 /* SceneDelegate.swift in Sources */,
				2FC94ECE29C039620097E696 /* AuthCoordinator.swift in Sources */,
				2FC94EA729C013F30097E696 /* Coordinator.swift in Sources */,
			);
			runOnlyForDeploymentPostprocessing = 0;
		};
		2FC94E6029C00F0C0097E696 /* Sources */ = {
			isa = PBXSourcesBuildPhase;
			buildActionMask = 2147483647;
			files = (
				2FC94E6929C00F0C0097E696 /* SideProject_MovieAppTests.swift in Sources */,
			);
			runOnlyForDeploymentPostprocessing = 0;
		};
		2FC94E6A29C00F0C0097E696 /* Sources */ = {
			isa = PBXSourcesBuildPhase;
			buildActionMask = 2147483647;
			files = (
				2FC94E7529C00F0C0097E696 /* SideProject_MovieAppUITestsLaunchTests.swift in Sources */,
				2FC94E7329C00F0C0097E696 /* SideProject_MovieAppUITests.swift in Sources */,
			);
			runOnlyForDeploymentPostprocessing = 0;
		};
/* End PBXSourcesBuildPhase section */

/* Begin PBXTargetDependency section */
		2FC94E6629C00F0C0097E696 /* PBXTargetDependency */ = {
			isa = PBXTargetDependency;
			target = 2FC94E4D29C00F0B0097E696 /* SideProject-MovieApp */;
			targetProxy = 2FC94E6529C00F0C0097E696 /* PBXContainerItemProxy */;
		};
		2FC94E7029C00F0C0097E696 /* PBXTargetDependency */ = {
			isa = PBXTargetDependency;
			target = 2FC94E4D29C00F0B0097E696 /* SideProject-MovieApp */;
			targetProxy = 2FC94E6F29C00F0C0097E696 /* PBXContainerItemProxy */;
		};
/* End PBXTargetDependency section */

/* Begin PBXVariantGroup section */
		2FC94E5C29C00F0C0097E696 /* LaunchScreen.storyboard */ = {
			isa = PBXVariantGroup;
			children = (
				2FC94E5D29C00F0C0097E696 /* Base */,
			);
			name = LaunchScreen.storyboard;
			sourceTree = "<group>";
		};
/* End PBXVariantGroup section */

/* Begin XCBuildConfiguration section */
		2FC94E7629C00F0C0097E696 /* Debug */ = {
			isa = XCBuildConfiguration;
			buildSettings = {
				ALWAYS_SEARCH_USER_PATHS = NO;
				CLANG_ANALYZER_NONNULL = YES;
				CLANG_ANALYZER_NUMBER_OBJECT_CONVERSION = YES_AGGRESSIVE;
				CLANG_CXX_LANGUAGE_STANDARD = "gnu++20";
				CLANG_ENABLE_MODULES = YES;
				CLANG_ENABLE_OBJC_ARC = YES;
				CLANG_ENABLE_OBJC_WEAK = YES;
				CLANG_WARN_BLOCK_CAPTURE_AUTORELEASING = YES;
				CLANG_WARN_BOOL_CONVERSION = YES;
				CLANG_WARN_COMMA = YES;
				CLANG_WARN_CONSTANT_CONVERSION = YES;
				CLANG_WARN_DEPRECATED_OBJC_IMPLEMENTATIONS = YES;
				CLANG_WARN_DIRECT_OBJC_ISA_USAGE = YES_ERROR;
				CLANG_WARN_DOCUMENTATION_COMMENTS = YES;
				CLANG_WARN_EMPTY_BODY = YES;
				CLANG_WARN_ENUM_CONVERSION = YES;
				CLANG_WARN_INFINITE_RECURSION = YES;
				CLANG_WARN_INT_CONVERSION = YES;
				CLANG_WARN_NON_LITERAL_NULL_CONVERSION = YES;
				CLANG_WARN_OBJC_IMPLICIT_RETAIN_SELF = YES;
				CLANG_WARN_OBJC_LITERAL_CONVERSION = YES;
				CLANG_WARN_OBJC_ROOT_CLASS = YES_ERROR;
				CLANG_WARN_QUOTED_INCLUDE_IN_FRAMEWORK_HEADER = YES;
				CLANG_WARN_RANGE_LOOP_ANALYSIS = YES;
				CLANG_WARN_STRICT_PROTOTYPES = YES;
				CLANG_WARN_SUSPICIOUS_MOVE = YES;
				CLANG_WARN_UNGUARDED_AVAILABILITY = YES_AGGRESSIVE;
				CLANG_WARN_UNREACHABLE_CODE = YES;
				CLANG_WARN__DUPLICATE_METHOD_MATCH = YES;
				COPY_PHASE_STRIP = NO;
				DEBUG_INFORMATION_FORMAT = dwarf;
				ENABLE_STRICT_OBJC_MSGSEND = YES;
				ENABLE_TESTABILITY = YES;
				GCC_C_LANGUAGE_STANDARD = gnu11;
				GCC_DYNAMIC_NO_PIC = NO;
				GCC_NO_COMMON_BLOCKS = YES;
				GCC_OPTIMIZATION_LEVEL = 0;
				GCC_PREPROCESSOR_DEFINITIONS = (
					"DEBUG=1",
					"$(inherited)",
				);
				GCC_WARN_64_TO_32_BIT_CONVERSION = YES;
				GCC_WARN_ABOUT_RETURN_TYPE = YES_ERROR;
				GCC_WARN_UNDECLARED_SELECTOR = YES;
				GCC_WARN_UNINITIALIZED_AUTOS = YES_AGGRESSIVE;
				GCC_WARN_UNUSED_FUNCTION = YES;
				GCC_WARN_UNUSED_VARIABLE = YES;
				IPHONEOS_DEPLOYMENT_TARGET = 15.0;
				MTL_ENABLE_DEBUG_INFO = INCLUDE_SOURCE;
				MTL_FAST_MATH = YES;
				ONLY_ACTIVE_ARCH = YES;
				SDKROOT = iphoneos;
				SWIFT_ACTIVE_COMPILATION_CONDITIONS = DEBUG;
				SWIFT_OPTIMIZATION_LEVEL = "-Onone";
			};
			name = Debug;
		};
		2FC94E7729C00F0C0097E696 /* Release */ = {
			isa = XCBuildConfiguration;
			buildSettings = {
				ALWAYS_SEARCH_USER_PATHS = NO;
				CLANG_ANALYZER_NONNULL = YES;
				CLANG_ANALYZER_NUMBER_OBJECT_CONVERSION = YES_AGGRESSIVE;
				CLANG_CXX_LANGUAGE_STANDARD = "gnu++20";
				CLANG_ENABLE_MODULES = YES;
				CLANG_ENABLE_OBJC_ARC = YES;
				CLANG_ENABLE_OBJC_WEAK = YES;
				CLANG_WARN_BLOCK_CAPTURE_AUTORELEASING = YES;
				CLANG_WARN_BOOL_CONVERSION = YES;
				CLANG_WARN_COMMA = YES;
				CLANG_WARN_CONSTANT_CONVERSION = YES;
				CLANG_WARN_DEPRECATED_OBJC_IMPLEMENTATIONS = YES;
				CLANG_WARN_DIRECT_OBJC_ISA_USAGE = YES_ERROR;
				CLANG_WARN_DOCUMENTATION_COMMENTS = YES;
				CLANG_WARN_EMPTY_BODY = YES;
				CLANG_WARN_ENUM_CONVERSION = YES;
				CLANG_WARN_INFINITE_RECURSION = YES;
				CLANG_WARN_INT_CONVERSION = YES;
				CLANG_WARN_NON_LITERAL_NULL_CONVERSION = YES;
				CLANG_WARN_OBJC_IMPLICIT_RETAIN_SELF = YES;
				CLANG_WARN_OBJC_LITERAL_CONVERSION = YES;
				CLANG_WARN_OBJC_ROOT_CLASS = YES_ERROR;
				CLANG_WARN_QUOTED_INCLUDE_IN_FRAMEWORK_HEADER = YES;
				CLANG_WARN_RANGE_LOOP_ANALYSIS = YES;
				CLANG_WARN_STRICT_PROTOTYPES = YES;
				CLANG_WARN_SUSPICIOUS_MOVE = YES;
				CLANG_WARN_UNGUARDED_AVAILABILITY = YES_AGGRESSIVE;
				CLANG_WARN_UNREACHABLE_CODE = YES;
				CLANG_WARN__DUPLICATE_METHOD_MATCH = YES;
				COPY_PHASE_STRIP = NO;
				DEBUG_INFORMATION_FORMAT = "dwarf-with-dsym";
				ENABLE_NS_ASSERTIONS = NO;
				ENABLE_STRICT_OBJC_MSGSEND = YES;
				GCC_C_LANGUAGE_STANDARD = gnu11;
				GCC_NO_COMMON_BLOCKS = YES;
				GCC_WARN_64_TO_32_BIT_CONVERSION = YES;
				GCC_WARN_ABOUT_RETURN_TYPE = YES_ERROR;
				GCC_WARN_UNDECLARED_SELECTOR = YES;
				GCC_WARN_UNINITIALIZED_AUTOS = YES_AGGRESSIVE;
				GCC_WARN_UNUSED_FUNCTION = YES;
				GCC_WARN_UNUSED_VARIABLE = YES;
				IPHONEOS_DEPLOYMENT_TARGET = 15.0;
				MTL_ENABLE_DEBUG_INFO = NO;
				MTL_FAST_MATH = YES;
				SDKROOT = iphoneos;
				SWIFT_COMPILATION_MODE = wholemodule;
				SWIFT_OPTIMIZATION_LEVEL = "-O";
				VALIDATE_PRODUCT = YES;
			};
			name = Release;
		};
		2FC94E7929C00F0C0097E696 /* Debug */ = {
			isa = XCBuildConfiguration;
			buildSettings = {
				ASSETCATALOG_COMPILER_APPICON_NAME = AppIcon;
				ASSETCATALOG_COMPILER_GLOBAL_ACCENT_COLOR_NAME = AccentColor;
				CODE_SIGN_STYLE = Automatic;
				CURRENT_PROJECT_VERSION = 1;
				DEVELOPMENT_TEAM = FQ63CT4A3G;
				GENERATE_INFOPLIST_FILE = YES;
				INFOPLIST_FILE = "SideProject-MovieApp/Supportings/Info.plist";
				INFOPLIST_KEY_UIApplicationSupportsIndirectInputEvents = YES;
				INFOPLIST_KEY_UILaunchStoryboardName = LaunchScreen;
				INFOPLIST_KEY_UISupportedInterfaceOrientations_iPad = "UIInterfaceOrientationPortrait UIInterfaceOrientationPortraitUpsideDown UIInterfaceOrientationLandscapeLeft UIInterfaceOrientationLandscapeRight";
				INFOPLIST_KEY_UISupportedInterfaceOrientations_iPhone = "UIInterfaceOrientationPortrait UIInterfaceOrientationLandscapeLeft UIInterfaceOrientationLandscapeRight";
				IPHONEOS_DEPLOYMENT_TARGET = 15.0;
				LD_RUNPATH_SEARCH_PATHS = (
					"$(inherited)",
					"@executable_path/Frameworks",
				);
				MARKETING_VERSION = 1.0;
				PRODUCT_BUNDLE_IDENTIFIER = "cody.SideProject-MovieApp";
				PRODUCT_NAME = "$(TARGET_NAME)";
				SUPPORTED_PLATFORMS = "iphoneos iphonesimulator";
				SUPPORTS_MACCATALYST = NO;
				SUPPORTS_MAC_DESIGNED_FOR_IPHONE_IPAD = NO;
				SWIFT_EMIT_LOC_STRINGS = YES;
				SWIFT_VERSION = 5.0;
				TARGETED_DEVICE_FAMILY = 1;
			};
			name = Debug;
		};
		2FC94E7A29C00F0C0097E696 /* Release */ = {
			isa = XCBuildConfiguration;
			buildSettings = {
				ASSETCATALOG_COMPILER_APPICON_NAME = AppIcon;
				ASSETCATALOG_COMPILER_GLOBAL_ACCENT_COLOR_NAME = AccentColor;
				CODE_SIGN_STYLE = Automatic;
				CURRENT_PROJECT_VERSION = 1;
				DEVELOPMENT_TEAM = FQ63CT4A3G;
				GENERATE_INFOPLIST_FILE = YES;
				INFOPLIST_FILE = "SideProject-MovieApp/Supportings/Info.plist";
				INFOPLIST_KEY_UIApplicationSupportsIndirectInputEvents = YES;
				INFOPLIST_KEY_UILaunchStoryboardName = LaunchScreen;
				INFOPLIST_KEY_UISupportedInterfaceOrientations_iPad = "UIInterfaceOrientationPortrait UIInterfaceOrientationPortraitUpsideDown UIInterfaceOrientationLandscapeLeft UIInterfaceOrientationLandscapeRight";
				INFOPLIST_KEY_UISupportedInterfaceOrientations_iPhone = "UIInterfaceOrientationPortrait UIInterfaceOrientationLandscapeLeft UIInterfaceOrientationLandscapeRight";
				IPHONEOS_DEPLOYMENT_TARGET = 15.0;
				LD_RUNPATH_SEARCH_PATHS = (
					"$(inherited)",
					"@executable_path/Frameworks",
				);
				MARKETING_VERSION = 1.0;
				PRODUCT_BUNDLE_IDENTIFIER = "cody.SideProject-MovieApp";
				PRODUCT_NAME = "$(TARGET_NAME)";
				SUPPORTED_PLATFORMS = "iphoneos iphonesimulator";
				SUPPORTS_MACCATALYST = NO;
				SUPPORTS_MAC_DESIGNED_FOR_IPHONE_IPAD = NO;
				SWIFT_EMIT_LOC_STRINGS = YES;
				SWIFT_VERSION = 5.0;
				TARGETED_DEVICE_FAMILY = 1;
			};
			name = Release;
		};
		2FC94E7C29C00F0C0097E696 /* Debug */ = {
			isa = XCBuildConfiguration;
			buildSettings = {
				ALWAYS_EMBED_SWIFT_STANDARD_LIBRARIES = YES;
				BUNDLE_LOADER = "$(TEST_HOST)";
				CODE_SIGN_STYLE = Automatic;
				CURRENT_PROJECT_VERSION = 1;
				DEVELOPMENT_TEAM = LL4R66V6Y3;
				GENERATE_INFOPLIST_FILE = YES;
				IPHONEOS_DEPLOYMENT_TARGET = 16.2;
				MARKETING_VERSION = 1.0;
				PRODUCT_BUNDLE_IDENTIFIER = "cody.SideProject-MovieAppTests";
				PRODUCT_NAME = "$(TARGET_NAME)";
				SWIFT_EMIT_LOC_STRINGS = NO;
				SWIFT_VERSION = 5.0;
				TARGETED_DEVICE_FAMILY = "1,2";
				TEST_HOST = "$(BUILT_PRODUCTS_DIR)/SideProject-MovieApp.app/$(BUNDLE_EXECUTABLE_FOLDER_PATH)/SideProject-MovieApp";
			};
			name = Debug;
		};
		2FC94E7D29C00F0C0097E696 /* Release */ = {
			isa = XCBuildConfiguration;
			buildSettings = {
				ALWAYS_EMBED_SWIFT_STANDARD_LIBRARIES = YES;
				BUNDLE_LOADER = "$(TEST_HOST)";
				CODE_SIGN_STYLE = Automatic;
				CURRENT_PROJECT_VERSION = 1;
				DEVELOPMENT_TEAM = LL4R66V6Y3;
				GENERATE_INFOPLIST_FILE = YES;
				IPHONEOS_DEPLOYMENT_TARGET = 16.2;
				MARKETING_VERSION = 1.0;
				PRODUCT_BUNDLE_IDENTIFIER = "cody.SideProject-MovieAppTests";
				PRODUCT_NAME = "$(TARGET_NAME)";
				SWIFT_EMIT_LOC_STRINGS = NO;
				SWIFT_VERSION = 5.0;
				TARGETED_DEVICE_FAMILY = "1,2";
				TEST_HOST = "$(BUILT_PRODUCTS_DIR)/SideProject-MovieApp.app/$(BUNDLE_EXECUTABLE_FOLDER_PATH)/SideProject-MovieApp";
			};
			name = Release;
		};
		2FC94E7F29C00F0C0097E696 /* Debug */ = {
			isa = XCBuildConfiguration;
			buildSettings = {
				ALWAYS_EMBED_SWIFT_STANDARD_LIBRARIES = YES;
				CODE_SIGN_STYLE = Automatic;
				CURRENT_PROJECT_VERSION = 1;
				DEVELOPMENT_TEAM = LL4R66V6Y3;
				GENERATE_INFOPLIST_FILE = YES;
				MARKETING_VERSION = 1.0;
				PRODUCT_BUNDLE_IDENTIFIER = "cody.SideProject-MovieAppUITests";
				PRODUCT_NAME = "$(TARGET_NAME)";
				SWIFT_EMIT_LOC_STRINGS = NO;
				SWIFT_VERSION = 5.0;
				TARGETED_DEVICE_FAMILY = "1,2";
				TEST_TARGET_NAME = "SideProject-MovieApp";
			};
			name = Debug;
		};
		2FC94E8029C00F0C0097E696 /* Release */ = {
			isa = XCBuildConfiguration;
			buildSettings = {
				ALWAYS_EMBED_SWIFT_STANDARD_LIBRARIES = YES;
				CODE_SIGN_STYLE = Automatic;
				CURRENT_PROJECT_VERSION = 1;
				DEVELOPMENT_TEAM = LL4R66V6Y3;
				GENERATE_INFOPLIST_FILE = YES;
				MARKETING_VERSION = 1.0;
				PRODUCT_BUNDLE_IDENTIFIER = "cody.SideProject-MovieAppUITests";
				PRODUCT_NAME = "$(TARGET_NAME)";
				SWIFT_EMIT_LOC_STRINGS = NO;
				SWIFT_VERSION = 5.0;
				TARGETED_DEVICE_FAMILY = "1,2";
				TEST_TARGET_NAME = "SideProject-MovieApp";
			};
			name = Release;
		};
/* End XCBuildConfiguration section */

/* Begin XCConfigurationList section */
		2FC94E4929C00F0B0097E696 /* Build configuration list for PBXProject "SideProject-MovieApp" */ = {
			isa = XCConfigurationList;
			buildConfigurations = (
				2FC94E7629C00F0C0097E696 /* Debug */,
				2FC94E7729C00F0C0097E696 /* Release */,
			);
			defaultConfigurationIsVisible = 0;
			defaultConfigurationName = Release;
		};
		2FC94E7829C00F0C0097E696 /* Build configuration list for PBXNativeTarget "SideProject-MovieApp" */ = {
			isa = XCConfigurationList;
			buildConfigurations = (
				2FC94E7929C00F0C0097E696 /* Debug */,
				2FC94E7A29C00F0C0097E696 /* Release */,
			);
			defaultConfigurationIsVisible = 0;
			defaultConfigurationName = Release;
		};
		2FC94E7B29C00F0C0097E696 /* Build configuration list for PBXNativeTarget "SideProject-MovieAppTests" */ = {
			isa = XCConfigurationList;
			buildConfigurations = (
				2FC94E7C29C00F0C0097E696 /* Debug */,
				2FC94E7D29C00F0C0097E696 /* Release */,
			);
			defaultConfigurationIsVisible = 0;
			defaultConfigurationName = Release;
		};
		2FC94E7E29C00F0C0097E696 /* Build configuration list for PBXNativeTarget "SideProject-MovieAppUITests" */ = {
			isa = XCConfigurationList;
			buildConfigurations = (
				2FC94E7F29C00F0C0097E696 /* Debug */,
				2FC94E8029C00F0C0097E696 /* Release */,
			);
			defaultConfigurationIsVisible = 0;
			defaultConfigurationName = Release;
		};
/* End XCConfigurationList section */

/* Begin XCRemoteSwiftPackageReference section */
		2FC94EAC29C014E80097E696 /* XCRemoteSwiftPackageReference "SnapKit" */ = {
			isa = XCRemoteSwiftPackageReference;
			repositoryURL = "https://github.com/SnapKit/SnapKit.git";
			requirement = {
				kind = upToNextMinorVersion;
				minimumVersion = 5.6.0;
			};
		};
		2FC94EAF29C015050097E696 /* XCRemoteSwiftPackageReference "RxSwift" */ = {
			isa = XCRemoteSwiftPackageReference;
			repositoryURL = "https://github.com/ReactiveX/RxSwift.git";
			requirement = {
				kind = upToNextMinorVersion;
				minimumVersion = 6.5.0;
			};
		};
/* End XCRemoteSwiftPackageReference section */

/* Begin XCSwiftPackageProductDependency section */
		2FC94EAD29C014E80097E696 /* SnapKit */ = {
			isa = XCSwiftPackageProductDependency;
			package = 2FC94EAC29C014E80097E696 /* XCRemoteSwiftPackageReference "SnapKit" */;
			productName = SnapKit;
		};
		2FC94EB029C015050097E696 /* RxCocoa */ = {
			isa = XCSwiftPackageProductDependency;
			package = 2FC94EAF29C015050097E696 /* XCRemoteSwiftPackageReference "RxSwift" */;
			productName = RxCocoa;
		};
		2FC94EB229C015050097E696 /* RxSwift */ = {
			isa = XCSwiftPackageProductDependency;
			package = 2FC94EAF29C015050097E696 /* XCRemoteSwiftPackageReference "RxSwift" */;
			productName = RxSwift;
		};
/* End XCSwiftPackageProductDependency section */
	};
	rootObject = 2FC94E4629C00F0B0097E696 /* Project object */;
}
